// !$*UTF8*$!
{
	archiveVersion = 1;
	classes = {
	};
	objectVersion = 50;
	objects = {

/* Begin PBXBuildFile section */
		3E2397BE261FCD3C000880E2 /* Bar.swift in Sources */ = {isa = PBXBuildFile; fileRef = 3E2397BD261FCD3C000880E2 /* Bar.swift */; };
		3E2397C5261FD5C7000880E2 /* BarView.swift in Sources */ = {isa = PBXBuildFile; fileRef = 3E2397C4261FD5C7000880E2 /* BarView.swift */; };
		3E2397C8261FE193000880E2 /* SeeAllView.swift in Sources */ = {isa = PBXBuildFile; fileRef = 3E2397C7261FE193000880E2 /* SeeAllView.swift */; };
		3ED8A7F1261A35680029A6A3 /* iOSAppApp.swift in Sources */ = {isa = PBXBuildFile; fileRef = 3ED8A7F0261A35680029A6A3 /* iOSAppApp.swift */; };
		3ED8A7F3261A35680029A6A3 /* ContentView.swift in Sources */ = {isa = PBXBuildFile; fileRef = 3ED8A7F2261A35680029A6A3 /* ContentView.swift */; };
		3ED8A7F5261A35690029A6A3 /* Assets.xcassets in Resources */ = {isa = PBXBuildFile; fileRef = 3ED8A7F4261A35690029A6A3 /* Assets.xcassets */; };
		3ED8A7F8261A35690029A6A3 /* Preview Assets.xcassets in Resources */ = {isa = PBXBuildFile; fileRef = 3ED8A7F7261A35690029A6A3 /* Preview Assets.xcassets */; };
		3ED8A816261B69940029A6A3 /* MainStoryboard.storyboard in Resources */ = {isa = PBXBuildFile; fileRef = 3ED8A815261B69940029A6A3 /* MainStoryboard.storyboard */; };
		3ED8A824261B98E80029A6A3 /* SmallCards.swift in Sources */ = {isa = PBXBuildFile; fileRef = 3ED8A823261B98E80029A6A3 /* SmallCards.swift */; };
		3ED8A827261B9A4A0029A6A3 /* Search.swift in Sources */ = {isa = PBXBuildFile; fileRef = 3ED8A826261B9A4A0029A6A3 /* Search.swift */; };
		3ED8A82A261B9CD90029A6A3 /* BigBarCard.swift in Sources */ = {isa = PBXBuildFile; fileRef = 3ED8A829261B9CD90029A6A3 /* BigBarCard.swift */; };
/* End PBXBuildFile section */

/* Begin PBXFileReference section */
		3E2397BD261FCD3C000880E2 /* Bar.swift */ = {isa = PBXFileReference; lastKnownFileType = sourcecode.swift; path = Bar.swift; sourceTree = "<group>"; };
		3E2397C4261FD5C7000880E2 /* BarView.swift */ = {isa = PBXFileReference; lastKnownFileType = sourcecode.swift; path = BarView.swift; sourceTree = "<group>"; };
		3E2397C7261FE193000880E2 /* SeeAllView.swift */ = {isa = PBXFileReference; lastKnownFileType = sourcecode.swift; path = SeeAllView.swift; sourceTree = "<group>"; };
		3ED8A7ED261A35680029A6A3 /* iOSApp.app */ = {isa = PBXFileReference; explicitFileType = wrapper.application; includeInIndex = 0; path = iOSApp.app; sourceTree = BUILT_PRODUCTS_DIR; };
		3ED8A7F0261A35680029A6A3 /* iOSAppApp.swift */ = {isa = PBXFileReference; lastKnownFileType = sourcecode.swift; path = iOSAppApp.swift; sourceTree = "<group>"; };
		3ED8A7F2261A35680029A6A3 /* ContentView.swift */ = {isa = PBXFileReference; lastKnownFileType = sourcecode.swift; path = ContentView.swift; sourceTree = "<group>"; };
		3ED8A7F4261A35690029A6A3 /* Assets.xcassets */ = {isa = PBXFileReference; lastKnownFileType = folder.assetcatalog; path = Assets.xcassets; sourceTree = "<group>"; };
		3ED8A7F7261A35690029A6A3 /* Preview Assets.xcassets */ = {isa = PBXFileReference; lastKnownFileType = folder.assetcatalog; path = "Preview Assets.xcassets"; sourceTree = "<group>"; };
		3ED8A7F9261A35690029A6A3 /* Info.plist */ = {isa = PBXFileReference; lastKnownFileType = text.plist.xml; path = Info.plist; sourceTree = "<group>"; };
		3ED8A815261B69940029A6A3 /* MainStoryboard.storyboard */ = {isa = PBXFileReference; lastKnownFileType = file.storyboard; path = MainStoryboard.storyboard; sourceTree = "<group>"; };
		3ED8A823261B98E80029A6A3 /* SmallCards.swift */ = {isa = PBXFileReference; lastKnownFileType = sourcecode.swift; path = SmallCards.swift; sourceTree = "<group>"; };
		3ED8A826261B9A4A0029A6A3 /* Search.swift */ = {isa = PBXFileReference; lastKnownFileType = sourcecode.swift; path = Search.swift; sourceTree = "<group>"; };
		3ED8A829261B9CD90029A6A3 /* BigBarCard.swift */ = {isa = PBXFileReference; lastKnownFileType = sourcecode.swift; path = BigBarCard.swift; sourceTree = "<group>"; };
/* End PBXFileReference section */

/* Begin PBXFrameworksBuildPhase section */
		3ED8A7EA261A35680029A6A3 /* Frameworks */ = {
			isa = PBXFrameworksBuildPhase;
			buildActionMask = 2147483647;
			files = (
			);
			runOnlyForDeploymentPostprocessing = 0;
		};
/* End PBXFrameworksBuildPhase section */

/* Begin PBXGroup section */
		3E2397BC261FCD28000880E2 /* Models */ = {
			isa = PBXGroup;
			children = (
				3E2397BD261FCD3C000880E2 /* Bar.swift */,
			);
			path = Models;
			sourceTree = "<group>";
		};
		3ED8A7E4261A35680029A6A3 = {
			isa = PBXGroup;
			children = (
				3E2397BC261FCD28000880E2 /* Models */,
				3ED8A822261B98200029A6A3 /* Views */,
				3ED8A7EF261A35680029A6A3 /* iOSApp */,
				3ED8A7EE261A35680029A6A3 /* Products */,
			);
			sourceTree = "<group>";
		};
		3ED8A7EE261A35680029A6A3 /* Products */ = {
			isa = PBXGroup;
			children = (
				3ED8A7ED261A35680029A6A3 /* iOSApp.app */,
			);
			name = Products;
			sourceTree = "<group>";
		};
		3ED8A7EF261A35680029A6A3 /* iOSApp */ = {
			isa = PBXGroup;
			children = (
				3ED8A7F0261A35680029A6A3 /* iOSAppApp.swift */,
				3ED8A7F2261A35680029A6A3 /* ContentView.swift */,
				3ED8A7F4261A35690029A6A3 /* Assets.xcassets */,
				3ED8A7F9261A35690029A6A3 /* Info.plist */,
				3ED8A7F6261A35690029A6A3 /* Preview Content */,
				3ED8A815261B69940029A6A3 /* MainStoryboard.storyboard */,
			);
			path = iOSApp;
			sourceTree = "<group>";
		};
		3ED8A7F6261A35690029A6A3 /* Preview Content */ = {
			isa = PBXGroup;
			children = (
				3ED8A7F7261A35690029A6A3 /* Preview Assets.xcassets */,
			);
			path = "Preview Content";
			sourceTree = "<group>";
		};
		3ED8A822261B98200029A6A3 /* Views */ = {
			isa = PBXGroup;
			children = (
				3ED8A823261B98E80029A6A3 /* SmallCards.swift */,
				3ED8A826261B9A4A0029A6A3 /* Search.swift */,
				3ED8A829261B9CD90029A6A3 /* BigBarCard.swift */,
				3E2397C4261FD5C7000880E2 /* BarView.swift */,
				3E2397C7261FE193000880E2 /* SeeAllView.swift */,
			);
			path = Views;
			sourceTree = "<group>";
		};
/* End PBXGroup section */

/* Begin PBXNativeTarget section */
		3ED8A7EC261A35680029A6A3 /* iOSApp */ = {
			isa = PBXNativeTarget;
			buildConfigurationList = 3ED8A7FC261A35690029A6A3 /* Build configuration list for PBXNativeTarget "iOSApp" */;
			buildPhases = (
				3ED8A7E9261A35680029A6A3 /* Sources */,
				3ED8A7EA261A35680029A6A3 /* Frameworks */,
				3ED8A7EB261A35680029A6A3 /* Resources */,
			);
			buildRules = (
			);
			dependencies = (
			);
			name = iOSApp;
			productName = iOSApp;
			productReference = 3ED8A7ED261A35680029A6A3 /* iOSApp.app */;
			productType = "com.apple.product-type.application";
		};
/* End PBXNativeTarget section */

/* Begin PBXProject section */
		3ED8A7E5261A35680029A6A3 /* Project object */ = {
			isa = PBXProject;
			attributes = {
				LastSwiftUpdateCheck = 1240;
				LastUpgradeCheck = 1240;
				TargetAttributes = {
					3ED8A7EC261A35680029A6A3 = {
						CreatedOnToolsVersion = 12.4;
					};
				};
			};
			buildConfigurationList = 3ED8A7E8261A35680029A6A3 /* Build configuration list for PBXProject "iOSApp" */;
			compatibilityVersion = "Xcode 9.3";
			developmentRegion = en;
			hasScannedForEncodings = 0;
			knownRegions = (
				en,
				Base,
			);
			mainGroup = 3ED8A7E4261A35680029A6A3;
			productRefGroup = 3ED8A7EE261A35680029A6A3 /* Products */;
			projectDirPath = "";
			projectRoot = "";
			targets = (
				3ED8A7EC261A35680029A6A3 /* iOSApp */,
			);
		};
/* End PBXProject section */

/* Begin PBXResourcesBuildPhase section */
		3ED8A7EB261A35680029A6A3 /* Resources */ = {
			isa = PBXResourcesBuildPhase;
			buildActionMask = 2147483647;
			files = (
				3ED8A816261B69940029A6A3 /* MainStoryboard.storyboard in Resources */,
				3ED8A7F8261A35690029A6A3 /* Preview Assets.xcassets in Resources */,
				3ED8A7F5261A35690029A6A3 /* Assets.xcassets in Resources */,
			);
			runOnlyForDeploymentPostprocessing = 0;
		};
/* End PBXResourcesBuildPhase section */

/* Begin PBXSourcesBuildPhase section */
		3ED8A7E9261A35680029A6A3 /* Sources */ = {
			isa = PBXSourcesBuildPhase;
			buildActionMask = 2147483647;
			files = (
				3E2397C5261FD5C7000880E2 /* BarView.swift in Sources */,
				3ED8A7F3261A35680029A6A3 /* ContentView.swift in Sources */,
				3E2397BE261FCD3C000880E2 /* Bar.swift in Sources */,
				3ED8A827261B9A4A0029A6A3 /* Search.swift in Sources */,
				3ED8A824261B98E80029A6A3 /* SmallCards.swift in Sources */,
				3ED8A7F1261A35680029A6A3 /* iOSAppApp.swift in Sources */,
				3E2397C8261FE193000880E2 /* SeeAllView.swift in Sources */,
				3ED8A82A261B9CD90029A6A3 /* BigBarCard.swift in Sources */,
			);
			runOnlyForDeploymentPostprocessing = 0;
		};
/* End PBXSourcesBuildPhase section */

/* Begin XCBuildConfiguration section */
		3ED8A7FA261A35690029A6A3 /* Debug */ = {
			isa = XCBuildConfiguration;
			buildSettings = {
				ALWAYS_SEARCH_USER_PATHS = NO;
				CLANG_ANALYZER_NONNULL = YES;
				CLANG_ANALYZER_NUMBER_OBJECT_CONVERSION = YES_AGGRESSIVE;
				CLANG_CXX_LANGUAGE_STANDARD = "gnu++14";
				CLANG_CXX_LIBRARY = "libc++";
				CLANG_ENABLE_MODULES = YES;
				CLANG_ENABLE_OBJC_ARC = YES;
				CLANG_ENABLE_OBJC_WEAK = YES;
				CLANG_WARN_BLOCK_CAPTURE_AUTORELEASING = YES;
				CLANG_WARN_BOOL_CONVERSION = YES;
				CLANG_WARN_COMMA = YES;
				CLANG_WARN_CONSTANT_CONVERSION = YES;
				CLANG_WARN_DEPRECATED_OBJC_IMPLEMENTATIONS = YES;
				CLANG_WARN_DIRECT_OBJC_ISA_USAGE = YES_ERROR;
				CLANG_WARN_DOCUMENTATION_COMMENTS = YES;
				CLANG_WARN_EMPTY_BODY = YES;
				CLANG_WARN_ENUM_CONVERSION = YES;
				CLANG_WARN_INFINITE_RECURSION = YES;
				CLANG_WARN_INT_CONVERSION = YES;
				CLANG_WARN_NON_LITERAL_NULL_CONVERSION = YES;
				CLANG_WARN_OBJC_IMPLICIT_RETAIN_SELF = YES;
				CLANG_WARN_OBJC_LITERAL_CONVERSION = YES;
				CLANG_WARN_OBJC_ROOT_CLASS = YES_ERROR;
				CLANG_WARN_QUOTED_INCLUDE_IN_FRAMEWORK_HEADER = YES;
				CLANG_WARN_RANGE_LOOP_ANALYSIS = YES;
				CLANG_WARN_STRICT_PROTOTYPES = YES;
				CLANG_WARN_SUSPICIOUS_MOVE = YES;
				CLANG_WARN_UNGUARDED_AVAILABILITY = YES_AGGRESSIVE;
				CLANG_WARN_UNREACHABLE_CODE = YES;
				CLANG_WARN__DUPLICATE_METHOD_MATCH = YES;
				COPY_PHASE_STRIP = NO;
				DEBUG_INFORMATION_FORMAT = dwarf;
				ENABLE_STRICT_OBJC_MSGSEND = YES;
				ENABLE_TESTABILITY = YES;
				GCC_C_LANGUAGE_STANDARD = gnu11;
				GCC_DYNAMIC_NO_PIC = NO;
				GCC_NO_COMMON_BLOCKS = YES;
				GCC_OPTIMIZATION_LEVEL = 0;
				GCC_PREPROCESSOR_DEFINITIONS = (
					"DEBUG=1",
					"$(inherited)",
				);
				GCC_WARN_64_TO_32_BIT_CONVERSION = YES;
				GCC_WARN_ABOUT_RETURN_TYPE = YES_ERROR;
				GCC_WARN_UNDECLARED_SELECTOR = YES;
				GCC_WARN_UNINITIALIZED_AUTOS = YES_AGGRESSIVE;
				GCC_WARN_UNUSED_FUNCTION = YES;
				GCC_WARN_UNUSED_VARIABLE = YES;
				IPHONEOS_DEPLOYMENT_TARGET = 14.4;
				MTL_ENABLE_DEBUG_INFO = INCLUDE_SOURCE;
				MTL_FAST_MATH = YES;
				ONLY_ACTIVE_ARCH = YES;
				SDKROOT = iphoneos;
				SWIFT_ACTIVE_COMPILATION_CONDITIONS = DEBUG;
				SWIFT_OPTIMIZATION_LEVEL = "-Onone";
			};
			name = Debug;
		};
		3ED8A7FB261A35690029A6A3 /* Release */ = {
			isa = XCBuildConfiguration;
			buildSettings = {
				ALWAYS_SEARCH_USER_PATHS = NO;
				CLANG_ANALYZER_NONNULL = YES;
				CLANG_ANALYZER_NUMBER_OBJECT_CONVERSION = YES_AGGRESSIVE;
				CLANG_CXX_LANGUAGE_STANDARD = "gnu++14";
				CLANG_CXX_LIBRARY = "libc++";
				CLANG_ENABLE_MODULES = YES;
				CLANG_ENABLE_OBJC_ARC = YES;
				CLANG_ENABLE_OBJC_WEAK = YES;
				CLANG_WARN_BLOCK_CAPTURE_AUTORELEASING = YES;
				CLANG_WARN_BOOL_CONVERSION = YES;
				CLANG_WARN_COMMA = YES;
				CLANG_WARN_CONSTANT_CONVERSION = YES;
				CLANG_WARN_DEPRECATED_OBJC_IMPLEMENTATIONS = YES;
				CLANG_WARN_DIRECT_OBJC_ISA_USAGE = YES_ERROR;
				CLANG_WARN_DOCUMENTATION_COMMENTS = YES;
				CLANG_WARN_EMPTY_BODY = YES;
				CLANG_WARN_ENUM_CONVERSION = YES;
				CLANG_WARN_INFINITE_RECURSION = YES;
				CLANG_WARN_INT_CONVERSION = YES;
				CLANG_WARN_NON_LITERAL_NULL_CONVERSION = YES;
				CLANG_WARN_OBJC_IMPLICIT_RETAIN_SELF = YES;
				CLANG_WARN_OBJC_LITERAL_CONVERSION = YES;
				CLANG_WARN_OBJC_ROOT_CLASS = YES_ERROR;
				CLANG_WARN_QUOTED_INCLUDE_IN_FRAMEWORK_HEADER = YES;
				CLANG_WARN_RANGE_LOOP_ANALYSIS = YES;
				CLANG_WARN_STRICT_PROTOTYPES = YES;
				CLANG_WARN_SUSPICIOUS_MOVE = YES;
				CLANG_WARN_UNGUARDED_AVAILABILITY = YES_AGGRESSIVE;
				CLANG_WARN_UNREACHABLE_CODE = YES;
				CLANG_WARN__DUPLICATE_METHOD_MATCH = YES;
				COPY_PHASE_STRIP = NO;
				DEBUG_INFORMATION_FORMAT = "dwarf-with-dsym";
				ENABLE_NS_ASSERTIONS = NO;
				ENABLE_STRICT_OBJC_MSGSEND = YES;
				GCC_C_LANGUAGE_STANDARD = gnu11;
				GCC_NO_COMMON_BLOCKS = YES;
				GCC_WARN_64_TO_32_BIT_CONVERSION = YES;
				GCC_WARN_ABOUT_RETURN_TYPE = YES_ERROR;
				GCC_WARN_UNDECLARED_SELECTOR = YES;
				GCC_WARN_UNINITIALIZED_AUTOS = YES_AGGRESSIVE;
				GCC_WARN_UNUSED_FUNCTION = YES;
				GCC_WARN_UNUSED_VARIABLE = YES;
				IPHONEOS_DEPLOYMENT_TARGET = 14.4;
				MTL_ENABLE_DEBUG_INFO = NO;
				MTL_FAST_MATH = YES;
				SDKROOT = iphoneos;
				SWIFT_COMPILATION_MODE = wholemodule;
				SWIFT_OPTIMIZATION_LEVEL = "-O";
				VALIDATE_PRODUCT = YES;
			};
			name = Release;
		};
		3ED8A7FD261A35690029A6A3 /* Debug */ = {
			isa = XCBuildConfiguration;
			buildSettings = {
				ASSETCATALOG_COMPILER_APPICON_NAME = AppIcon;
				ASSETCATALOG_COMPILER_GLOBAL_ACCENT_COLOR_NAME = AccentColor;
				CODE_SIGN_STYLE = Automatic;
				DEVELOPMENT_ASSET_PATHS = "\"iOSApp/Preview Content\"";
				ENABLE_PREVIEWS = YES;
				INFOPLIST_FILE = iOSApp/Info.plist;
				IPHONEOS_DEPLOYMENT_TARGET = 14.0;
				LD_RUNPATH_SEARCH_PATHS = (
					"$(inherited)",
					"@executable_path/Frameworks",
				);
				PRODUCT_BUNDLE_IDENTIFIER = Hal.iOSApp;
				PRODUCT_NAME = "$(TARGET_NAME)";
				SWIFT_VERSION = 5.0;
				TARGETED_DEVICE_FAMILY = "1,2";
			};
			name = Debug;
		};
		3ED8A7FE261A35690029A6A3 /* Release */ = {
			isa = XCBuildConfiguration;
			buildSettings = {
				ASSETCATALOG_COMPILER_APPICON_NAME = AppIcon;
				ASSETCATALOG_COMPILER_GLOBAL_ACCENT_COLOR_NAME = AccentColor;
				CODE_SIGN_STYLE = Automatic;
				DEVELOPMENT_ASSET_PATHS = "\"iOSApp/Preview Content\"";
				ENABLE_PREVIEWS = YES;
				INFOPLIST_FILE = iOSApp/Info.plist;
				IPHONEOS_DEPLOYMENT_TARGET = 14.0;
				LD_RUNPATH_SEARCH_PATHS = (
					"$(inherited)",
					"@executable_path/Frameworks",
				);
				PRODUCT_BUNDLE_IDENTIFIER = Hal.iOSApp;
				PRODUCT_NAME = "$(TARGET_NAME)";
				SWIFT_VERSION = 5.0;
				TARGETED_DEVICE_FAMILY = "1,2";
			};
			name = Release;
		};
/* End XCBuildConfiguration section */

/* Begin XCConfigurationList section */
		3ED8A7E8261A35680029A6A3 /* Build configuration list for PBXProject "iOSApp" */ = {
			isa = XCConfigurationList;
			buildConfigurations = (
				3ED8A7FA261A35690029A6A3 /* Debug */,
				3ED8A7FB261A35690029A6A3 /* Release */,
			);
			defaultConfigurationIsVisible = 0;
			defaultConfigurationName = Release;
		};
		3ED8A7FC261A35690029A6A3 /* Build configuration list for PBXNativeTarget "iOSApp" */ = {
			isa = XCConfigurationList;
			buildConfigurations = (
				3ED8A7FD261A35690029A6A3 /* Debug */,
				3ED8A7FE261A35690029A6A3 /* Release */,
			);
			defaultConfigurationIsVisible = 0;
			defaultConfigurationName = Release;
		};
/* End XCConfigurationList section */
	};
	rootObject = 3ED8A7E5261A35680029A6A3 /* Project object */;
}
