Microsoft Visual Studio Solution File, Format Version 12.00
Project("{FAE04EC0-301F-11D3-BF4B-00C04F79EFBC}") = "StayGo.Server", "web\StayGo.Server.csproj", "{2594C272-39D5-42A4-B1BB-1ACB9FB78D81}"
EndProject
Project("{FAE04EC0-301F-11D3-BF4B-00C04F79EFBC}") = "StayGo.Domain", "..\StayGo.Domain\StayGo.Domain.csproj", "{505F3F88-D3A4-42E3-A267-C3990E7DD0FF}"
EndProject
Global
	GlobalSection(SolutionConfigurationPlatforms) = preSolution
		Debug|Any CPU = Debug|Any CPU
		Release|Any CPU = Release|Any CPU
	EndGlobalSection
	GlobalSection(ProjectConfigurationPlatforms) = postSolution
		{2594C272-39D5-42A4-B1BB-1ACB9FB78D81}.Debug|Any CPU.ActiveCfg = Debug|Any CPU
		{2594C272-39D5-42A4-B1BB-1ACB9FB78D81}.Debug|Any CPU.Build.0 = Debug|Any CPU
		{2594C272-39D5-42A4-B1BB-1ACB9FB78D81}.Release|Any CPU.ActiveCfg = Release|Any CPU
		{2594C272-39D5-42A4-B1BB-1ACB9FB78D81}.Release|Any CPU.Build.0 = Release|Any CPU
		{505F3F88-D3A4-42E3-A267-C3990E7DD0FF}.Debug|Any CPU.ActiveCfg = Debug|Any CPU
		{505F3F88-D3A4-42E3-A267-C3990E7DD0FF}.Debug|Any CPU.Build.0 = Debug|Any CPU
		{505F3F88-D3A4-42E3-A267-C3990E7DD0FF}.Release|Any CPU.ActiveCfg = Release|Any CPU
		{505F3F88-D3A4-42E3-A267-C3990E7DD0FF}.Release|Any CPU.Build.0 = Release|Any CPU
	EndGlobalSection
EndGlobal
